// !$*UTF8*$!
{
	archiveVersion = 1;
	classes = {
	};
	objectVersion = 46;
	objects = {

/* Begin PBXBuildFile section */
		262756CA1A1D811200DAC877 /* DiverEdit.m in Sources */ = {isa = PBXBuildFile; fileRef = 262756C91A1D811200DAC877 /* DiverEdit.m */; };
		263AC5C71A030FD600846CB0 /* main.m in Sources */ = {isa = PBXBuildFile; fileRef = 263AC5C61A030FD600846CB0 /* main.m */; };
		263AC5CA1A030FD600846CB0 /* AppDelegate.m in Sources */ = {isa = PBXBuildFile; fileRef = 263AC5C91A030FD600846CB0 /* AppDelegate.m */; };
		263AC5CD1A030FD600846CB0 /* HomeViewController.m in Sources */ = {isa = PBXBuildFile; fileRef = 263AC5CC1A030FD600846CB0 /* HomeViewController.m */; };
		263AC5D51A030FD700846CB0 /* LaunchScreen.xib in Resources */ = {isa = PBXBuildFile; fileRef = 263AC5D31A030FD700846CB0 /* LaunchScreen.xib */; };
		263AC5E11A030FD700846CB0 /* Score_My_DiveTests.m in Sources */ = {isa = PBXBuildFile; fileRef = 263AC5E01A030FD700846CB0 /* Score_My_DiveTests.m */; };
		2651CF051A17D56E0050D587 /* QuickScoreEdit.m in Sources */ = {isa = PBXBuildFile; fileRef = 2651CF041A17D56E0050D587 /* QuickScoreEdit.m */; };
		267643E61A218DF000CD2CB1 /* ReportsViewController.m in Sources */ = {isa = PBXBuildFile; fileRef = 267643E51A218DF000CD2CB1 /* ReportsViewController.m */; };
		267643E91A218E2C00CD2CB1 /* ChooseMeet.m in Sources */ = {isa = PBXBuildFile; fileRef = 267643E81A218E2C00CD2CB1 /* ChooseMeet.m */; };
		267A3FC81A280DE80068FA9E /* MeetHistory.m in Sources */ = {isa = PBXBuildFile; fileRef = 267A3FC71A280DE80068FA9E /* MeetHistory.m */; };
		267A3FCB1A280E370068FA9E /* DiverHistory.m in Sources */ = {isa = PBXBuildFile; fileRef = 267A3FCA1A280E370068FA9E /* DiverHistory.m */; };
		268857611A28EBCE000AEFF2 /* DiverMeetScores.m in Sources */ = {isa = PBXBuildFile; fileRef = 268857601A28EBCE000AEFF2 /* DiverMeetScores.m */; };
		268857671A291981000AEFF2 /* DiveInfo.m in Sources */ = {isa = PBXBuildFile; fileRef = 268857661A291981000AEFF2 /* DiveInfo.m */; };
		2688576A1A29693B000AEFF2 /* DiveListEnter.m in Sources */ = {isa = PBXBuildFile; fileRef = 268857691A29693B000AEFF2 /* DiveListEnter.m */; };
		2688576D1A298365000AEFF2 /* DiveTypes.m in Sources */ = {isa = PBXBuildFile; fileRef = 2688576C1A298365000AEFF2 /* DiveTypes.m */; };
		2691AE6C1A0691FB000ABD3B /* DiverDetailsVC.m in Sources */ = {isa = PBXBuildFile; fileRef = 2691AE6B1A0691FB000ABD3B /* DiverDetailsVC.m */; };
		2691AE6F1A069898000ABD3B /* MeetDetailsVC.m in Sources */ = {isa = PBXBuildFile; fileRef = 2691AE6E1A069898000ABD3B /* MeetDetailsVC.m */; };
		26A248F71A2299C400760F38 /* ChooseDiver.m in Sources */ = {isa = PBXBuildFile; fileRef = 26A248F61A2299C400760F38 /* ChooseDiver.m */; };
		26B010901A1EE7790017F484 /* dive_dod.db in Resources */ = {isa = PBXBuildFile; fileRef = 26B0108F1A1EE7790017F484 /* dive_dod.db */; };
		26B88D231A12EF9600DBE909 /* MeetEdit.m in Sources */ = {isa = PBXBuildFile; fileRef = 26B88D221A12EF9600DBE909 /* MeetEdit.m */; };
		26BE234A1A10275A00E123D0 /* QuickScores.m in Sources */ = {isa = PBXBuildFile; fileRef = 26BE233D1A10275A00E123D0 /* QuickScores.m */; };
		26BE234B1A10275A00E123D0 /* Scores.m in Sources */ = {isa = PBXBuildFile; fileRef = 26BE233F1A10275A00E123D0 /* Scores.m */; };
		26BE234C1A10275A00E123D0 /* Reports.m in Sources */ = {isa = PBXBuildFile; fileRef = 26BE23401A10275A00E123D0 /* Reports.m */; };
		26BE234D1A10275A00E123D0 /* DiveList.m in Sources */ = {isa = PBXBuildFile; fileRef = 26BE23421A10275A00E123D0 /* DiveList.m */; };
		26BE234E1A10275A00E123D0 /* Judges.m in Sources */ = {isa = PBXBuildFile; fileRef = 26BE23451A10275A00E123D0 /* Judges.m */; };
		26BE234F1A10275A00E123D0 /* Meet.m in Sources */ = {isa = PBXBuildFile; fileRef = 26BE23471A10275A00E123D0 /* Meet.m */; };
		26BE23501A10275A00E123D0 /* Diver.m in Sources */ = {isa = PBXBuildFile; fileRef = 26BE23491A10275A00E123D0 /* Diver.m */; };
		26BE237A1A1027CC00E123D0 /* DBManager.m in Sources */ = {isa = PBXBuildFile; fileRef = 26BE23521A1027CC00E123D0 /* DBManager.m */; };
		26BE237B1A1027CC00E123D0 /* DiverBoardSize.m in Sources */ = {isa = PBXBuildFile; fileRef = 26BE23541A1027CC00E123D0 /* DiverBoardSize.m */; };
		26BE237C1A1027CC00E123D0 /* Results.m in Sources */ = {isa = PBXBuildFile; fileRef = 26BE23571A1027CC00E123D0 /* Results.m */; };
		26BE237D1A1027CC00E123D0 /* JudgeScores.m in Sources */ = {isa = PBXBuildFile; fileRef = 26BE23591A1027CC00E123D0 /* JudgeScores.m */; };
		26BE237E1A1027CC00E123D0 /* DiveTotal.m in Sources */ = {isa = PBXBuildFile; fileRef = 26BE235B1A1027CC00E123D0 /* DiveTotal.m */; };
		26BE237F1A1027CC00E123D0 /* DiveNumber.m in Sources */ = {isa = PBXBuildFile; fileRef = 26BE235D1A1027CC00E123D0 /* DiveNumber.m */; };
		26BE238C1A1027CC00E123D0 /* DiveCategory.m in Sources */ = {isa = PBXBuildFile; fileRef = 26BE23771A1027CC00E123D0 /* DiveCategory.m */; };
		26BE238D1A1027CC00E123D0 /* ValidScores.m in Sources */ = {isa = PBXBuildFile; fileRef = 26BE23791A1027CC00E123D0 /* ValidScores.m */; };
		26BE23911A1028B200E123D0 /* libsqlite3.dylib in Frameworks */ = {isa = PBXBuildFile; fileRef = 26BE23901A1028B200E123D0 /* libsqlite3.dylib */; };
		26C07FCF1A05921700DF35B4 /* Main.storyboard in Resources */ = {isa = PBXBuildFile; fileRef = 263AC5CE1A030FD700846CB0 /* Main.storyboard */; };
		26DF8AF71A043DAD00C273A6 /* QuartzCore.framework in Frameworks */ = {isa = PBXBuildFile; fileRef = 26DF8AF61A043DAC00C273A6 /* QuartzCore.framework */; };
		26E419A11A047FDF00D79C05 /* AppIconBlack.xcassets in Resources */ = {isa = PBXBuildFile; fileRef = 26E419A01A047FDF00D79C05 /* AppIconBlack.xcassets */; };
		26E419A31A0480C800D79C05 /* Images.xcassets in Resources */ = {isa = PBXBuildFile; fileRef = 26E419A21A0480C800D79C05 /* Images.xcassets */; };
		26E419A81A048E3100D79C05 /* QuickScoreViewController.m in Sources */ = {isa = PBXBuildFile; fileRef = 26E419A71A048E3100D79C05 /* QuickScoreViewController.m */; };
		26EDBF0A1A25F5DC00C1A95B /* DiverCollection.m in Sources */ = {isa = PBXBuildFile; fileRef = 26EDBF091A25F5DC00C1A95B /* DiverCollection.m */; };
		26EDBF0D1A25F61B00C1A95B /* MeetCollection.m in Sources */ = {isa = PBXBuildFile; fileRef = 26EDBF0C1A25F61B00C1A95B /* MeetCollection.m */; };
/* End PBXBuildFile section */

/* Begin PBXContainerItemProxy section */
		263AC5DB1A030FD700846CB0 /* PBXContainerItemProxy */ = {
			isa = PBXContainerItemProxy;
			containerPortal = 263AC5B91A030FD600846CB0 /* Project object */;
			proxyType = 1;
			remoteGlobalIDString = 263AC5C01A030FD600846CB0;
			remoteInfo = "Score My Dive";
		};
/* End PBXContainerItemProxy section */

/* Begin PBXFileReference section */
		262756C81A1D811200DAC877 /* DiverEdit.h */ = {isa = PBXFileReference; fileEncoding = 4; lastKnownFileType = sourcecode.c.h; path = DiverEdit.h; sourceTree = "<group>"; };
		262756C91A1D811200DAC877 /* DiverEdit.m */ = {isa = PBXFileReference; fileEncoding = 4; lastKnownFileType = sourcecode.c.objc; path = DiverEdit.m; sourceTree = "<group>"; };
		263AC5C11A030FD600846CB0 /* Score My Dive.app */ = {isa = PBXFileReference; explicitFileType = wrapper.application; includeInIndex = 0; path = "Score My Dive.app"; sourceTree = BUILT_PRODUCTS_DIR; };
		263AC5C51A030FD600846CB0 /* Info.plist */ = {isa = PBXFileReference; lastKnownFileType = text.plist.xml; path = Info.plist; sourceTree = "<group>"; };
		263AC5C61A030FD600846CB0 /* main.m */ = {isa = PBXFileReference; lastKnownFileType = sourcecode.c.objc; path = main.m; sourceTree = "<group>"; };
		263AC5C81A030FD600846CB0 /* AppDelegate.h */ = {isa = PBXFileReference; lastKnownFileType = sourcecode.c.h; path = AppDelegate.h; sourceTree = "<group>"; };
		263AC5C91A030FD600846CB0 /* AppDelegate.m */ = {isa = PBXFileReference; lastKnownFileType = sourcecode.c.objc; path = AppDelegate.m; sourceTree = "<group>"; };
		263AC5CB1A030FD600846CB0 /* HomeViewController.h */ = {isa = PBXFileReference; lastKnownFileType = sourcecode.c.h; path = HomeViewController.h; sourceTree = "<group>"; };
		263AC5CC1A030FD600846CB0 /* HomeViewController.m */ = {isa = PBXFileReference; lastKnownFileType = sourcecode.c.objc; path = HomeViewController.m; sourceTree = "<group>"; };
		263AC5CF1A030FD700846CB0 /* Base */ = {isa = PBXFileReference; lastKnownFileType = file.storyboard; name = Base; path = Base.lproj/Main.storyboard; sourceTree = "<group>"; };
		263AC5D41A030FD700846CB0 /* Base */ = {isa = PBXFileReference; lastKnownFileType = file.xib; name = Base; path = Base.lproj/LaunchScreen.xib; sourceTree = "<group>"; };
		263AC5DA1A030FD700846CB0 /* Score My DiveTests.xctest */ = {isa = PBXFileReference; explicitFileType = wrapper.cfbundle; includeInIndex = 0; path = "Score My DiveTests.xctest"; sourceTree = BUILT_PRODUCTS_DIR; };
		263AC5DF1A030FD700846CB0 /* Info.plist */ = {isa = PBXFileReference; lastKnownFileType = text.plist.xml; path = Info.plist; sourceTree = "<group>"; };
		263AC5E01A030FD700846CB0 /* Score_My_DiveTests.m */ = {isa = PBXFileReference; lastKnownFileType = sourcecode.c.objc; path = Score_My_DiveTests.m; sourceTree = "<group>"; };
		2651CF031A17D56E0050D587 /* QuickScoreEdit.h */ = {isa = PBXFileReference; fileEncoding = 4; lastKnownFileType = sourcecode.c.h; path = QuickScoreEdit.h; sourceTree = "<group>"; };
		2651CF041A17D56E0050D587 /* QuickScoreEdit.m */ = {isa = PBXFileReference; fileEncoding = 4; lastKnownFileType = sourcecode.c.objc; path = QuickScoreEdit.m; sourceTree = "<group>"; };
		267643E41A218DF000CD2CB1 /* ReportsViewController.h */ = {isa = PBXFileReference; fileEncoding = 4; lastKnownFileType = sourcecode.c.h; path = ReportsViewController.h; sourceTree = "<group>"; };
		267643E51A218DF000CD2CB1 /* ReportsViewController.m */ = {isa = PBXFileReference; fileEncoding = 4; lastKnownFileType = sourcecode.c.objc; path = ReportsViewController.m; sourceTree = "<group>"; };
		267643E71A218E2C00CD2CB1 /* ChooseMeet.h */ = {isa = PBXFileReference; fileEncoding = 4; lastKnownFileType = sourcecode.c.h; path = ChooseMeet.h; sourceTree = "<group>"; };
		267643E81A218E2C00CD2CB1 /* ChooseMeet.m */ = {isa = PBXFileReference; fileEncoding = 4; lastKnownFileType = sourcecode.c.objc; path = ChooseMeet.m; sourceTree = "<group>"; };
		267A3FC61A280DE80068FA9E /* MeetHistory.h */ = {isa = PBXFileReference; fileEncoding = 4; lastKnownFileType = sourcecode.c.h; path = MeetHistory.h; sourceTree = "<group>"; };
		267A3FC71A280DE80068FA9E /* MeetHistory.m */ = {isa = PBXFileReference; fileEncoding = 4; lastKnownFileType = sourcecode.c.objc; path = MeetHistory.m; sourceTree = "<group>"; };
		267A3FC91A280E370068FA9E /* DiverHistory.h */ = {isa = PBXFileReference; fileEncoding = 4; lastKnownFileType = sourcecode.c.h; path = DiverHistory.h; sourceTree = "<group>"; };
		267A3FCA1A280E370068FA9E /* DiverHistory.m */ = {isa = PBXFileReference; fileEncoding = 4; lastKnownFileType = sourcecode.c.objc; path = DiverHistory.m; sourceTree = "<group>"; };
		2688575F1A28EBCE000AEFF2 /* DiverMeetScores.h */ = {isa = PBXFileReference; fileEncoding = 4; lastKnownFileType = sourcecode.c.h; path = DiverMeetScores.h; sourceTree = "<group>"; };
		268857601A28EBCE000AEFF2 /* DiverMeetScores.m */ = {isa = PBXFileReference; fileEncoding = 4; lastKnownFileType = sourcecode.c.objc; path = DiverMeetScores.m; sourceTree = "<group>"; };
		268857651A291981000AEFF2 /* DiveInfo.h */ = {isa = PBXFileReference; fileEncoding = 4; lastKnownFileType = sourcecode.c.h; path = DiveInfo.h; sourceTree = "<group>"; };
		268857661A291981000AEFF2 /* DiveInfo.m */ = {isa = PBXFileReference; fileEncoding = 4; lastKnownFileType = sourcecode.c.objc; path = DiveInfo.m; sourceTree = "<group>"; };
		268857681A29693B000AEFF2 /* DiveListEnter.h */ = {isa = PBXFileReference; fileEncoding = 4; lastKnownFileType = sourcecode.c.h; path = DiveListEnter.h; sourceTree = "<group>"; };
		268857691A29693B000AEFF2 /* DiveListEnter.m */ = {isa = PBXFileReference; fileEncoding = 4; lastKnownFileType = sourcecode.c.objc; path = DiveListEnter.m; sourceTree = "<group>"; };
		2688576B1A298365000AEFF2 /* DiveTypes.h */ = {isa = PBXFileReference; fileEncoding = 4; lastKnownFileType = sourcecode.c.h; path = DiveTypes.h; sourceTree = "<group>"; };
		2688576C1A298365000AEFF2 /* DiveTypes.m */ = {isa = PBXFileReference; fileEncoding = 4; lastKnownFileType = sourcecode.c.objc; path = DiveTypes.m; sourceTree = "<group>"; };
		2691AE6A1A0691FB000ABD3B /* DiverDetailsVC.h */ = {isa = PBXFileReference; fileEncoding = 4; lastKnownFileType = sourcecode.c.h; path = DiverDetailsVC.h; sourceTree = "<group>"; };
		2691AE6B1A0691FB000ABD3B /* DiverDetailsVC.m */ = {isa = PBXFileReference; fileEncoding = 4; lastKnownFileType = sourcecode.c.objc; path = DiverDetailsVC.m; sourceTree = "<group>"; };
		2691AE6D1A069898000ABD3B /* MeetDetailsVC.h */ = {isa = PBXFileReference; fileEncoding = 4; lastKnownFileType = sourcecode.c.h; path = MeetDetailsVC.h; sourceTree = "<group>"; };
		2691AE6E1A069898000ABD3B /* MeetDetailsVC.m */ = {isa = PBXFileReference; fileEncoding = 4; lastKnownFileType = sourcecode.c.objc; path = MeetDetailsVC.m; sourceTree = "<group>"; };
		26A248F51A2299C400760F38 /* ChooseDiver.h */ = {isa = PBXFileReference; fileEncoding = 4; lastKnownFileType = sourcecode.c.h; path = ChooseDiver.h; sourceTree = "<group>"; };
		26A248F61A2299C400760F38 /* ChooseDiver.m */ = {isa = PBXFileReference; fileEncoding = 4; lastKnownFileType = sourcecode.c.objc; path = ChooseDiver.m; sourceTree = "<group>"; };
		26B0108F1A1EE7790017F484 /* dive_dod.db */ = {isa = PBXFileReference; lastKnownFileType = file; path = dive_dod.db; sourceTree = "<group>"; };
		26B88D211A12EF9600DBE909 /* MeetEdit.h */ = {isa = PBXFileReference; fileEncoding = 4; lastKnownFileType = sourcecode.c.h; path = MeetEdit.h; sourceTree = "<group>"; };
		26B88D221A12EF9600DBE909 /* MeetEdit.m */ = {isa = PBXFileReference; fileEncoding = 4; lastKnownFileType = sourcecode.c.objc; path = MeetEdit.m; sourceTree = "<group>"; };
		26BE233C1A10275A00E123D0 /* QuickScores.h */ = {isa = PBXFileReference; fileEncoding = 4; lastKnownFileType = sourcecode.c.h; path = QuickScores.h; sourceTree = "<group>"; };
		26BE233D1A10275A00E123D0 /* QuickScores.m */ = {isa = PBXFileReference; fileEncoding = 4; lastKnownFileType = sourcecode.c.objc; path = QuickScores.m; sourceTree = "<group>"; };
		26BE233E1A10275A00E123D0 /* Scores.h */ = {isa = PBXFileReference; fileEncoding = 4; lastKnownFileType = sourcecode.c.h; path = Scores.h; sourceTree = "<group>"; };
		26BE233F1A10275A00E123D0 /* Scores.m */ = {isa = PBXFileReference; fileEncoding = 4; lastKnownFileType = sourcecode.c.objc; path = Scores.m; sourceTree = "<group>"; };
		26BE23401A10275A00E123D0 /* Reports.m */ = {isa = PBXFileReference; fileEncoding = 4; lastKnownFileType = sourcecode.c.objc; path = Reports.m; sourceTree = "<group>"; };
		26BE23411A10275A00E123D0 /* DiveList.h */ = {isa = PBXFileReference; fileEncoding = 4; lastKnownFileType = sourcecode.c.h; path = DiveList.h; sourceTree = "<group>"; };
		26BE23421A10275A00E123D0 /* DiveList.m */ = {isa = PBXFileReference; fileEncoding = 4; lastKnownFileType = sourcecode.c.objc; path = DiveList.m; sourceTree = "<group>"; };
		26BE23431A10275A00E123D0 /* Reports.h */ = {isa = PBXFileReference; fileEncoding = 4; lastKnownFileType = sourcecode.c.h; path = Reports.h; sourceTree = "<group>"; };
		26BE23441A10275A00E123D0 /* Judges.h */ = {isa = PBXFileReference; fileEncoding = 4; lastKnownFileType = sourcecode.c.h; path = Judges.h; sourceTree = "<group>"; };
		26BE23451A10275A00E123D0 /* Judges.m */ = {isa = PBXFileReference; fileEncoding = 4; lastKnownFileType = sourcecode.c.objc; path = Judges.m; sourceTree = "<group>"; };
		26BE23461A10275A00E123D0 /* Meet.h */ = {isa = PBXFileReference; fileEncoding = 4; lastKnownFileType = sourcecode.c.h; path = Meet.h; sourceTree = "<group>"; };
		26BE23471A10275A00E123D0 /* Meet.m */ = {isa = PBXFileReference; fileEncoding = 4; lastKnownFileType = sourcecode.c.objc; path = Meet.m; sourceTree = "<group>"; };
		26BE23481A10275A00E123D0 /* Diver.h */ = {isa = PBXFileReference; fileEncoding = 4; lastKnownFileType = sourcecode.c.h; path = Diver.h; sourceTree = "<group>"; };
		26BE23491A10275A00E123D0 /* Diver.m */ = {isa = PBXFileReference; fileEncoding = 4; lastKnownFileType = sourcecode.c.objc; path = Diver.m; sourceTree = "<group>"; };
		26BE23521A1027CC00E123D0 /* DBManager.m */ = {isa = PBXFileReference; fileEncoding = 4; lastKnownFileType = sourcecode.c.objc; path = DBManager.m; sourceTree = "<group>"; };
		26BE23531A1027CC00E123D0 /* DBManager.h */ = {isa = PBXFileReference; fileEncoding = 4; lastKnownFileType = sourcecode.c.h; path = DBManager.h; sourceTree = "<group>"; };
		26BE23541A1027CC00E123D0 /* DiverBoardSize.m */ = {isa = PBXFileReference; fileEncoding = 4; lastKnownFileType = sourcecode.c.objc; path = DiverBoardSize.m; sourceTree = "<group>"; };
		26BE23551A1027CC00E123D0 /* DiverBoardSize.h */ = {isa = PBXFileReference; fileEncoding = 4; lastKnownFileType = sourcecode.c.h; path = DiverBoardSize.h; sourceTree = "<group>"; };
		26BE23561A1027CC00E123D0 /* Results.h */ = {isa = PBXFileReference; fileEncoding = 4; lastKnownFileType = sourcecode.c.h; path = Results.h; sourceTree = "<group>"; };
		26BE23571A1027CC00E123D0 /* Results.m */ = {isa = PBXFileReference; fileEncoding = 4; lastKnownFileType = sourcecode.c.objc; path = Results.m; sourceTree = "<group>"; };
		26BE23581A1027CC00E123D0 /* JudgeScores.h */ = {isa = PBXFileReference; fileEncoding = 4; lastKnownFileType = sourcecode.c.h; path = JudgeScores.h; sourceTree = "<group>"; };
		26BE23591A1027CC00E123D0 /* JudgeScores.m */ = {isa = PBXFileReference; fileEncoding = 4; lastKnownFileType = sourcecode.c.objc; path = JudgeScores.m; sourceTree = "<group>"; };
		26BE235A1A1027CC00E123D0 /* DiveTotal.h */ = {isa = PBXFileReference; fileEncoding = 4; lastKnownFileType = sourcecode.c.h; path = DiveTotal.h; sourceTree = "<group>"; };
		26BE235B1A1027CC00E123D0 /* DiveTotal.m */ = {isa = PBXFileReference; fileEncoding = 4; lastKnownFileType = sourcecode.c.objc; path = DiveTotal.m; sourceTree = "<group>"; };
		26BE235C1A1027CC00E123D0 /* DiveNumber.h */ = {isa = PBXFileReference; fileEncoding = 4; lastKnownFileType = sourcecode.c.h; path = DiveNumber.h; sourceTree = "<group>"; };
		26BE235D1A1027CC00E123D0 /* DiveNumber.m */ = {isa = PBXFileReference; fileEncoding = 4; lastKnownFileType = sourcecode.c.objc; path = DiveNumber.m; sourceTree = "<group>"; };
		26BE23761A1027CC00E123D0 /* DiveCategory.h */ = {isa = PBXFileReference; fileEncoding = 4; lastKnownFileType = sourcecode.c.h; path = DiveCategory.h; sourceTree = "<group>"; };
		26BE23771A1027CC00E123D0 /* DiveCategory.m */ = {isa = PBXFileReference; fileEncoding = 4; lastKnownFileType = sourcecode.c.objc; path = DiveCategory.m; sourceTree = "<group>"; };
		26BE23781A1027CC00E123D0 /* ValidScores.h */ = {isa = PBXFileReference; fileEncoding = 4; lastKnownFileType = sourcecode.c.h; path = ValidScores.h; sourceTree = "<group>"; };
		26BE23791A1027CC00E123D0 /* ValidScores.m */ = {isa = PBXFileReference; fileEncoding = 4; lastKnownFileType = sourcecode.c.objc; path = ValidScores.m; sourceTree = "<group>"; };
		26BE23901A1028B200E123D0 /* libsqlite3.dylib */ = {isa = PBXFileReference; lastKnownFileType = "compiled.mach-o.dylib"; name = libsqlite3.dylib; path = usr/lib/libsqlite3.dylib; sourceTree = SDKROOT; };
		26DF8AF61A043DAC00C273A6 /* QuartzCore.framework */ = {isa = PBXFileReference; lastKnownFileType = wrapper.framework; name = QuartzCore.framework; path = System/Library/Frameworks/QuartzCore.framework; sourceTree = SDKROOT; };
		26E419A01A047FDF00D79C05 /* AppIconBlack.xcassets */ = {isa = PBXFileReference; lastKnownFileType = folder.assetcatalog; name = AppIconBlack.xcassets; path = ../../../../../Documents/AppIconBlack.xcassets; sourceTree = "<group>"; };
		26E419A21A0480C800D79C05 /* Images.xcassets */ = {isa = PBXFileReference; lastKnownFileType = folder.assetcatalog; path = Images.xcassets; sourceTree = "<group>"; };
		26E419A61A048E3100D79C05 /* QuickScoreViewController.h */ = {isa = PBXFileReference; fileEncoding = 4; lastKnownFileType = sourcecode.c.h; path = QuickScoreViewController.h; sourceTree = "<group>"; };
		26E419A71A048E3100D79C05 /* QuickScoreViewController.m */ = {isa = PBXFileReference; fileEncoding = 4; lastKnownFileType = sourcecode.c.objc; path = QuickScoreViewController.m; sourceTree = "<group>"; };
		26EDBF081A25F5DC00C1A95B /* DiverCollection.h */ = {isa = PBXFileReference; fileEncoding = 4; lastKnownFileType = sourcecode.c.h; path = DiverCollection.h; sourceTree = "<group>"; };
		26EDBF091A25F5DC00C1A95B /* DiverCollection.m */ = {isa = PBXFileReference; fileEncoding = 4; lastKnownFileType = sourcecode.c.objc; path = DiverCollection.m; sourceTree = "<group>"; };
		26EDBF0B1A25F61B00C1A95B /* MeetCollection.h */ = {isa = PBXFileReference; fileEncoding = 4; lastKnownFileType = sourcecode.c.h; path = MeetCollection.h; sourceTree = "<group>"; };
		26EDBF0C1A25F61B00C1A95B /* MeetCollection.m */ = {isa = PBXFileReference; fileEncoding = 4; lastKnownFileType = sourcecode.c.objc; path = MeetCollection.m; sourceTree = "<group>"; };
/* End PBXFileReference section */

/* Begin PBXFrameworksBuildPhase section */
		263AC5BE1A030FD600846CB0 /* Frameworks */ = {
			isa = PBXFrameworksBuildPhase;
			buildActionMask = 2147483647;
			files = (
				26BE23911A1028B200E123D0 /* libsqlite3.dylib in Frameworks */,
				26DF8AF71A043DAD00C273A6 /* QuartzCore.framework in Frameworks */,
			);
			runOnlyForDeploymentPostprocessing = 0;
		};
		263AC5D71A030FD700846CB0 /* Frameworks */ = {
			isa = PBXFrameworksBuildPhase;
			buildActionMask = 2147483647;
			files = (
			);
			runOnlyForDeploymentPostprocessing = 0;
		};
/* End PBXFrameworksBuildPhase section */

/* Begin PBXGroup section */
		263AC5B81A030FD600846CB0 = {
			isa = PBXGroup;
			children = (
				26B0108F1A1EE7790017F484 /* dive_dod.db */,
				26BE23901A1028B200E123D0 /* libsqlite3.dylib */,
				26DF8AF61A043DAC00C273A6 /* QuartzCore.framework */,
				263AC5C31A030FD600846CB0 /* Score My Dive */,
				263AC5DD1A030FD700846CB0 /* Score My DiveTests */,
				263AC5C21A030FD600846CB0 /* Products */,
			);
			sourceTree = "<group>";
		};
		263AC5C21A030FD600846CB0 /* Products */ = {
			isa = PBXGroup;
			children = (
				263AC5C11A030FD600846CB0 /* Score My Dive.app */,
				263AC5DA1A030FD700846CB0 /* Score My DiveTests.xctest */,
			);
			name = Products;
			sourceTree = "<group>";
		};
		263AC5C31A030FD600846CB0 /* Score My Dive */ = {
			isa = PBXGroup;
			children = (
				26BE23511A10276300E123D0 /* DataModel */,
				26A07ECF1A09CFDC00997E5C /* Model */,
				26A07E8A1A09991200997E5C /* StoryBoard */,
				26A07E891A0998C600997E5C /* Assets */,
				26A07E881A09963700997E5C /* ViewControllers */,
				263AC5C41A030FD600846CB0 /* Supporting Files */,
			);
			path = "Score My Dive";
			sourceTree = "<group>";
		};
		263AC5C41A030FD600846CB0 /* Supporting Files */ = {
			isa = PBXGroup;
			children = (
				263AC5C81A030FD600846CB0 /* AppDelegate.h */,
				263AC5C91A030FD600846CB0 /* AppDelegate.m */,
				263AC5C51A030FD600846CB0 /* Info.plist */,
				263AC5C61A030FD600846CB0 /* main.m */,
			);
			name = "Supporting Files";
			sourceTree = "<group>";
		};
		263AC5DD1A030FD700846CB0 /* Score My DiveTests */ = {
			isa = PBXGroup;
			children = (
				263AC5E01A030FD700846CB0 /* Score_My_DiveTests.m */,
				263AC5DE1A030FD700846CB0 /* Supporting Files */,
			);
			path = "Score My DiveTests";
			sourceTree = "<group>";
		};
		263AC5DE1A030FD700846CB0 /* Supporting Files */ = {
			isa = PBXGroup;
			children = (
				263AC5DF1A030FD700846CB0 /* Info.plist */,
			);
			name = "Supporting Files";
			sourceTree = "<group>";
		};
		26A07E881A09963700997E5C /* ViewControllers */ = {
			isa = PBXGroup;
			children = (
				268857681A29693B000AEFF2 /* DiveListEnter.h */,
				268857691A29693B000AEFF2 /* DiveListEnter.m */,
				268857651A291981000AEFF2 /* DiveInfo.h */,
				268857661A291981000AEFF2 /* DiveInfo.m */,
				2688575F1A28EBCE000AEFF2 /* DiverMeetScores.h */,
				268857601A28EBCE000AEFF2 /* DiverMeetScores.m */,
				267A3FC91A280E370068FA9E /* DiverHistory.h */,
				267A3FCA1A280E370068FA9E /* DiverHistory.m */,
				267A3FC61A280DE80068FA9E /* MeetHistory.h */,
				267A3FC71A280DE80068FA9E /* MeetHistory.m */,
				26A248F51A2299C400760F38 /* ChooseDiver.h */,
				26A248F61A2299C400760F38 /* ChooseDiver.m */,
				267643E71A218E2C00CD2CB1 /* ChooseMeet.h */,
				267643E81A218E2C00CD2CB1 /* ChooseMeet.m */,
				267643E41A218DF000CD2CB1 /* ReportsViewController.h */,
				267643E51A218DF000CD2CB1 /* ReportsViewController.m */,
				262756C81A1D811200DAC877 /* DiverEdit.h */,
				262756C91A1D811200DAC877 /* DiverEdit.m */,
				2651CF031A17D56E0050D587 /* QuickScoreEdit.h */,
				2651CF041A17D56E0050D587 /* QuickScoreEdit.m */,
				263AC5CB1A030FD600846CB0 /* HomeViewController.h */,
				263AC5CC1A030FD600846CB0 /* HomeViewController.m */,
				26E419A61A048E3100D79C05 /* QuickScoreViewController.h */,
				26E419A71A048E3100D79C05 /* QuickScoreViewController.m */,
				2691AE6A1A0691FB000ABD3B /* DiverDetailsVC.h */,
				26B88D211A12EF9600DBE909 /* MeetEdit.h */,
				26B88D221A12EF9600DBE909 /* MeetEdit.m */,
				2691AE6B1A0691FB000ABD3B /* DiverDetailsVC.m */,
				2691AE6D1A069898000ABD3B /* MeetDetailsVC.h */,
				2691AE6E1A069898000ABD3B /* MeetDetailsVC.m */,
			);
			name = ViewControllers;
			sourceTree = "<group>";
		};
		26A07E891A0998C600997E5C /* Assets */ = {
			isa = PBXGroup;
			children = (
				26E419A01A047FDF00D79C05 /* AppIconBlack.xcassets */,
				26E419A21A0480C800D79C05 /* Images.xcassets */,
			);
			name = Assets;
			sourceTree = "<group>";
		};
		26A07E8A1A09991200997E5C /* StoryBoard */ = {
			isa = PBXGroup;
			children = (
				263AC5CE1A030FD700846CB0 /* Main.storyboard */,
				263AC5D31A030FD700846CB0 /* LaunchScreen.xib */,
			);
			name = StoryBoard;
			sourceTree = "<group>";
		};
		26A07ECF1A09CFDC00997E5C /* Model */ = {
			isa = PBXGroup;
			children = (
				26BE233C1A10275A00E123D0 /* QuickScores.h */,
				26BE233D1A10275A00E123D0 /* QuickScores.m */,
				26BE233E1A10275A00E123D0 /* Scores.h */,
				26BE233F1A10275A00E123D0 /* Scores.m */,
				26BE23401A10275A00E123D0 /* Reports.m */,
				26BE23411A10275A00E123D0 /* DiveList.h */,
				26BE23421A10275A00E123D0 /* DiveList.m */,
				26BE23431A10275A00E123D0 /* Reports.h */,
				26BE23441A10275A00E123D0 /* Judges.h */,
				26BE23451A10275A00E123D0 /* Judges.m */,
				26BE23461A10275A00E123D0 /* Meet.h */,
				26EDBF081A25F5DC00C1A95B /* DiverCollection.h */,
				26EDBF091A25F5DC00C1A95B /* DiverCollection.m */,
				26BE23471A10275A00E123D0 /* Meet.m */,
				26BE23481A10275A00E123D0 /* Diver.h */,
				26BE23491A10275A00E123D0 /* Diver.m */,
				26EDBF0B1A25F61B00C1A95B /* MeetCollection.h */,
				26EDBF0C1A25F61B00C1A95B /* MeetCollection.m */,
			);
			name = Model;
			sourceTree = "<group>";
		};
		26BE23511A10276300E123D0 /* DataModel */ = {
			isa = PBXGroup;
			children = (
				26BE23521A1027CC00E123D0 /* DBManager.m */,
				26BE23531A1027CC00E123D0 /* DBManager.h */,
				26BE23541A1027CC00E123D0 /* DiverBoardSize.m */,
				26BE23551A1027CC00E123D0 /* DiverBoardSize.h */,
				26BE23561A1027CC00E123D0 /* Results.h */,
				26BE23571A1027CC00E123D0 /* Results.m */,
				26BE23581A1027CC00E123D0 /* JudgeScores.h */,
				26BE23591A1027CC00E123D0 /* JudgeScores.m */,
				26BE235A1A1027CC00E123D0 /* DiveTotal.h */,
				26BE235B1A1027CC00E123D0 /* DiveTotal.m */,
				26BE235C1A1027CC00E123D0 /* DiveNumber.h */,
				26BE235D1A1027CC00E123D0 /* DiveNumber.m */,
				26BE23761A1027CC00E123D0 /* DiveCategory.h */,
				26BE23771A1027CC00E123D0 /* DiveCategory.m */,
				26BE23781A1027CC00E123D0 /* ValidScores.h */,
				26BE23791A1027CC00E123D0 /* ValidScores.m */,
				2688576B1A298365000AEFF2 /* DiveTypes.h */,
				2688576C1A298365000AEFF2 /* DiveTypes.m */,
			);
			name = DataModel;
			sourceTree = "<group>";
		};
/* End PBXGroup section */

/* Begin PBXNativeTarget section */
		263AC5C01A030FD600846CB0 /* Score My Dive */ = {
			isa = PBXNativeTarget;
			buildConfigurationList = 263AC5E41A030FD700846CB0 /* Build configuration list for PBXNativeTarget "Score My Dive" */;
			buildPhases = (
				263AC5BD1A030FD600846CB0 /* Sources */,
				263AC5BE1A030FD600846CB0 /* Frameworks */,
				263AC5BF1A030FD600846CB0 /* Resources */,
			);
			buildRules = (
			);
			dependencies = (
			);
			name = "Score My Dive";
			productName = "Score My Dive";
			productReference = 263AC5C11A030FD600846CB0 /* Score My Dive.app */;
			productType = "com.apple.product-type.application";
		};
		263AC5D91A030FD700846CB0 /* Score My DiveTests */ = {
			isa = PBXNativeTarget;
			buildConfigurationList = 263AC5E71A030FD700846CB0 /* Build configuration list for PBXNativeTarget "Score My DiveTests" */;
			buildPhases = (
				263AC5D61A030FD700846CB0 /* Sources */,
				263AC5D71A030FD700846CB0 /* Frameworks */,
				263AC5D81A030FD700846CB0 /* Resources */,
			);
			buildRules = (
			);
			dependencies = (
				263AC5DC1A030FD700846CB0 /* PBXTargetDependency */,
			);
			name = "Score My DiveTests";
			productName = "Score My DiveTests";
			productReference = 263AC5DA1A030FD700846CB0 /* Score My DiveTests.xctest */;
			productType = "com.apple.product-type.bundle.unit-test";
		};
/* End PBXNativeTarget section */

/* Begin PBXProject section */
		263AC5B91A030FD600846CB0 /* Project object */ = {
			isa = PBXProject;
			attributes = {
				LastUpgradeCheck = 0610;
				ORGANIZATIONNAME = "SingleCog Software";
				TargetAttributes = {
					263AC5C01A030FD600846CB0 = {
						CreatedOnToolsVersion = 6.1;
					};
					263AC5D91A030FD700846CB0 = {
						CreatedOnToolsVersion = 6.1;
						TestTargetID = 263AC5C01A030FD600846CB0;
					};
				};
			};
			buildConfigurationList = 263AC5BC1A030FD600846CB0 /* Build configuration list for PBXProject "Score My Dive" */;
			compatibilityVersion = "Xcode 3.2";
			developmentRegion = English;
			hasScannedForEncodings = 0;
			knownRegions = (
				en,
				Base,
			);
			mainGroup = 263AC5B81A030FD600846CB0;
			productRefGroup = 263AC5C21A030FD600846CB0 /* Products */;
			projectDirPath = "";
			projectRoot = "";
			targets = (
				263AC5C01A030FD600846CB0 /* Score My Dive */,
				263AC5D91A030FD700846CB0 /* Score My DiveTests */,
			);
		};
/* End PBXProject section */

/* Begin PBXResourcesBuildPhase section */
		263AC5BF1A030FD600846CB0 /* Resources */ = {
			isa = PBXResourcesBuildPhase;
			buildActionMask = 2147483647;
			files = (
				26E419A11A047FDF00D79C05 /* AppIconBlack.xcassets in Resources */,
				26B010901A1EE7790017F484 /* dive_dod.db in Resources */,
				26E419A31A0480C800D79C05 /* Images.xcassets in Resources */,
				263AC5D51A030FD700846CB0 /* LaunchScreen.xib in Resources */,
				26C07FCF1A05921700DF35B4 /* Main.storyboard in Resources */,
			);
			runOnlyForDeploymentPostprocessing = 0;
		};
		263AC5D81A030FD700846CB0 /* Resources */ = {
			isa = PBXResourcesBuildPhase;
			buildActionMask = 2147483647;
			files = (
			);
			runOnlyForDeploymentPostprocessing = 0;
		};
/* End PBXResourcesBuildPhase section */

/* Begin PBXSourcesBuildPhase section */
		263AC5BD1A030FD600846CB0 /* Sources */ = {
			isa = PBXSourcesBuildPhase;
			buildActionMask = 2147483647;
			files = (
				26BE237F1A1027CC00E123D0 /* DiveNumber.m in Sources */,
				26A248F71A2299C400760F38 /* ChooseDiver.m in Sources */,
				26BE237C1A1027CC00E123D0 /* Results.m in Sources */,
				26BE234F1A10275A00E123D0 /* Meet.m in Sources */,
				267643E61A218DF000CD2CB1 /* ReportsViewController.m in Sources */,
				26B88D231A12EF9600DBE909 /* MeetEdit.m in Sources */,
				26BE238C1A1027CC00E123D0 /* DiveCategory.m in Sources */,
				26BE234D1A10275A00E123D0 /* DiveList.m in Sources */,
				267A3FC81A280DE80068FA9E /* MeetHistory.m in Sources */,
				2651CF051A17D56E0050D587 /* QuickScoreEdit.m in Sources */,
				26EDBF0D1A25F61B00C1A95B /* MeetCollection.m in Sources */,
				2688576D1A298365000AEFF2 /* DiveTypes.m in Sources */,
				263AC5CD1A030FD600846CB0 /* HomeViewController.m in Sources */,
				262756CA1A1D811200DAC877 /* DiverEdit.m in Sources */,
				2691AE6F1A069898000ABD3B /* MeetDetailsVC.m in Sources */,
				263AC5CA1A030FD600846CB0 /* AppDelegate.m in Sources */,
				26BE234A1A10275A00E123D0 /* QuickScores.m in Sources */,
				267643E91A218E2C00CD2CB1 /* ChooseMeet.m in Sources */,
				26BE237D1A1027CC00E123D0 /* JudgeScores.m in Sources */,
				26E419A81A048E3100D79C05 /* QuickScoreViewController.m in Sources */,
				26BE237B1A1027CC00E123D0 /* DiverBoardSize.m in Sources */,
				267A3FCB1A280E370068FA9E /* DiverHistory.m in Sources */,
				26BE234B1A10275A00E123D0 /* Scores.m in Sources */,
				26EDBF0A1A25F5DC00C1A95B /* DiverCollection.m in Sources */,
				26BE237E1A1027CC00E123D0 /* DiveTotal.m in Sources */,
				26BE237A1A1027CC00E123D0 /* DBManager.m in Sources */,
				26BE234C1A10275A00E123D0 /* Reports.m in Sources */,
				26BE234E1A10275A00E123D0 /* Judges.m in Sources */,
				263AC5C71A030FD600846CB0 /* main.m in Sources */,
				268857671A291981000AEFF2 /* DiveInfo.m in Sources */,
				268857611A28EBCE000AEFF2 /* DiverMeetScores.m in Sources */,
				2688576A1A29693B000AEFF2 /* DiveListEnter.m in Sources */,
				26BE23501A10275A00E123D0 /* Diver.m in Sources */,
				2691AE6C1A0691FB000ABD3B /* DiverDetailsVC.m in Sources */,
				26BE238D1A1027CC00E123D0 /* ValidScores.m in Sources */,
			);
			runOnlyForDeploymentPostprocessing = 0;
		};
		263AC5D61A030FD700846CB0 /* Sources */ = {
			isa = PBXSourcesBuildPhase;
			buildActionMask = 2147483647;
			files = (
				263AC5E11A030FD700846CB0 /* Score_My_DiveTests.m in Sources */,
			);
			runOnlyForDeploymentPostprocessing = 0;
		};
/* End PBXSourcesBuildPhase section */

/* Begin PBXTargetDependency section */
		263AC5DC1A030FD700846CB0 /* PBXTargetDependency */ = {
			isa = PBXTargetDependency;
			target = 263AC5C01A030FD600846CB0 /* Score My Dive */;
			targetProxy = 263AC5DB1A030FD700846CB0 /* PBXContainerItemProxy */;
		};
/* End PBXTargetDependency section */

/* Begin PBXVariantGroup section */
		263AC5CE1A030FD700846CB0 /* Main.storyboard */ = {
			isa = PBXVariantGroup;
			children = (
				263AC5CF1A030FD700846CB0 /* Base */,
			);
			name = Main.storyboard;
			sourceTree = "<group>";
		};
		263AC5D31A030FD700846CB0 /* LaunchScreen.xib */ = {
			isa = PBXVariantGroup;
			children = (
				263AC5D41A030FD700846CB0 /* Base */,
			);
			name = LaunchScreen.xib;
			sourceTree = "<group>";
		};
/* End PBXVariantGroup section */

/* Begin XCBuildConfiguration section */
		263AC5E21A030FD700846CB0 /* Debug */ = {
			isa = XCBuildConfiguration;
			buildSettings = {
				ALWAYS_SEARCH_USER_PATHS = NO;
				CLANG_CXX_LANGUAGE_STANDARD = "gnu++0x";
				CLANG_CXX_LIBRARY = "libc++";
				CLANG_ENABLE_MODULES = YES;
				CLANG_ENABLE_OBJC_ARC = YES;
				CLANG_WARN_BOOL_CONVERSION = YES;
				CLANG_WARN_CONSTANT_CONVERSION = YES;
				CLANG_WARN_DIRECT_OBJC_ISA_USAGE = YES_ERROR;
				CLANG_WARN_EMPTY_BODY = YES;
				CLANG_WARN_ENUM_CONVERSION = YES;
				CLANG_WARN_INT_CONVERSION = YES;
				CLANG_WARN_OBJC_ROOT_CLASS = YES_ERROR;
				CLANG_WARN_UNREACHABLE_CODE = YES;
				CLANG_WARN__DUPLICATE_METHOD_MATCH = YES;
				"CODE_SIGN_IDENTITY[sdk=iphoneos*]" = "iPhone Developer";
				COPY_PHASE_STRIP = NO;
				ENABLE_STRICT_OBJC_MSGSEND = YES;
				GCC_C_LANGUAGE_STANDARD = gnu99;
				GCC_DYNAMIC_NO_PIC = NO;
				GCC_OPTIMIZATION_LEVEL = 0;
				GCC_PREPROCESSOR_DEFINITIONS = (
					"DEBUG=1",
					"$(inherited)",
				);
				GCC_SYMBOLS_PRIVATE_EXTERN = NO;
				GCC_WARN_64_TO_32_BIT_CONVERSION = YES;
				GCC_WARN_ABOUT_RETURN_TYPE = YES_ERROR;
				GCC_WARN_UNDECLARED_SELECTOR = YES;
				GCC_WARN_UNINITIALIZED_AUTOS = YES_AGGRESSIVE;
				GCC_WARN_UNUSED_FUNCTION = YES;
				GCC_WARN_UNUSED_VARIABLE = YES;
				IPHONEOS_DEPLOYMENT_TARGET = 8.1;
				MTL_ENABLE_DEBUG_INFO = YES;
				ONLY_ACTIVE_ARCH = YES;
				SDKROOT = iphoneos;
				TARGETED_DEVICE_FAMILY = "1,2";
			};
			name = Debug;
		};
		263AC5E31A030FD700846CB0 /* Release */ = {
			isa = XCBuildConfiguration;
			buildSettings = {
				ALWAYS_SEARCH_USER_PATHS = NO;
				CLANG_CXX_LANGUAGE_STANDARD = "gnu++0x";
				CLANG_CXX_LIBRARY = "libc++";
				CLANG_ENABLE_MODULES = YES;
				CLANG_ENABLE_OBJC_ARC = YES;
				CLANG_WARN_BOOL_CONVERSION = YES;
				CLANG_WARN_CONSTANT_CONVERSION = YES;
				CLANG_WARN_DIRECT_OBJC_ISA_USAGE = YES_ERROR;
				CLANG_WARN_EMPTY_BODY = YES;
				CLANG_WARN_ENUM_CONVERSION = YES;
				CLANG_WARN_INT_CONVERSION = YES;
				CLANG_WARN_OBJC_ROOT_CLASS = YES_ERROR;
				CLANG_WARN_UNREACHABLE_CODE = YES;
				CLANG_WARN__DUPLICATE_METHOD_MATCH = YES;
				"CODE_SIGN_IDENTITY[sdk=iphoneos*]" = "iPhone Developer";
				COPY_PHASE_STRIP = YES;
				ENABLE_NS_ASSERTIONS = NO;
				ENABLE_STRICT_OBJC_MSGSEND = YES;
				GCC_C_LANGUAGE_STANDARD = gnu99;
				GCC_WARN_64_TO_32_BIT_CONVERSION = YES;
				GCC_WARN_ABOUT_RETURN_TYPE = YES_ERROR;
				GCC_WARN_UNDECLARED_SELECTOR = YES;
				GCC_WARN_UNINITIALIZED_AUTOS = YES_AGGRESSIVE;
				GCC_WARN_UNUSED_FUNCTION = YES;
				GCC_WARN_UNUSED_VARIABLE = YES;
				IPHONEOS_DEPLOYMENT_TARGET = 8.1;
				MTL_ENABLE_DEBUG_INFO = NO;
				SDKROOT = iphoneos;
				TARGETED_DEVICE_FAMILY = "1,2";
				VALIDATE_PRODUCT = YES;
			};
			name = Release;
		};
		263AC5E51A030FD700846CB0 /* Debug */ = {
			isa = XCBuildConfiguration;
			buildSettings = {
				ASSETCATALOG_COMPILER_APPICON_NAME = AppIcon;
				INFOPLIST_FILE = "Score My Dive/Info.plist";
				LD_RUNPATH_SEARCH_PATHS = "$(inherited) @executable_path/Frameworks";
				PRODUCT_NAME = "$(TARGET_NAME)";
			};
			name = Debug;
		};
		263AC5E61A030FD700846CB0 /* Release */ = {
			isa = XCBuildConfiguration;
			buildSettings = {
				ASSETCATALOG_COMPILER_APPICON_NAME = AppIcon;
				INFOPLIST_FILE = "Score My Dive/Info.plist";
				LD_RUNPATH_SEARCH_PATHS = "$(inherited) @executable_path/Frameworks";
				PRODUCT_NAME = "$(TARGET_NAME)";
			};
			name = Release;
		};
		263AC5E81A030FD700846CB0 /* Debug */ = {
			isa = XCBuildConfiguration;
			buildSettings = {
				BUNDLE_LOADER = "$(TEST_HOST)";
				FRAMEWORK_SEARCH_PATHS = (
					"$(SDKROOT)/Developer/Library/Frameworks",
					"$(inherited)",
				);
				GCC_PREPROCESSOR_DEFINITIONS = (
					"DEBUG=1",
					"$(inherited)",
				);
				INFOPLIST_FILE = "Score My DiveTests/Info.plist";
				LD_RUNPATH_SEARCH_PATHS = "$(inherited) @executable_path/Frameworks @loader_path/Frameworks";
				PRODUCT_NAME = "$(TARGET_NAME)";
				TEST_HOST = "$(BUILT_PRODUCTS_DIR)/Score My Dive.app/Score My Dive";
			};
			name = Debug;
		};
		263AC5E91A030FD700846CB0 /* Release */ = {
			isa = XCBuildConfiguration;
			buildSettings = {
				BUNDLE_LOADER = "$(TEST_HOST)";
				FRAMEWORK_SEARCH_PATHS = (
					"$(SDKROOT)/Developer/Library/Frameworks",
					"$(inherited)",
				);
				INFOPLIST_FILE = "Score My DiveTests/Info.plist";
				LD_RUNPATH_SEARCH_PATHS = "$(inherited) @executable_path/Frameworks @loader_path/Frameworks";
				PRODUCT_NAME = "$(TARGET_NAME)";
				TEST_HOST = "$(BUILT_PRODUCTS_DIR)/Score My Dive.app/Score My Dive";
			};
			name = Release;
		};
/* End XCBuildConfiguration section */

/* Begin XCConfigurationList section */
		263AC5BC1A030FD600846CB0 /* Build configuration list for PBXProject "Score My Dive" */ = {
			isa = XCConfigurationList;
			buildConfigurations = (
				263AC5E21A030FD700846CB0 /* Debug */,
				263AC5E31A030FD700846CB0 /* Release */,
			);
			defaultConfigurationIsVisible = 0;
			defaultConfigurationName = Release;
		};
		263AC5E41A030FD700846CB0 /* Build configuration list for PBXNativeTarget "Score My Dive" */ = {
			isa = XCConfigurationList;
			buildConfigurations = (
				263AC5E51A030FD700846CB0 /* Debug */,
				263AC5E61A030FD700846CB0 /* Release */,
			);
			defaultConfigurationIsVisible = 0;
			defaultConfigurationName = Release;
		};
		263AC5E71A030FD700846CB0 /* Build configuration list for PBXNativeTarget "Score My DiveTests" */ = {
			isa = XCConfigurationList;
			buildConfigurations = (
				263AC5E81A030FD700846CB0 /* Debug */,
				263AC5E91A030FD700846CB0 /* Release */,
			);
			defaultConfigurationIsVisible = 0;
			defaultConfigurationName = Release;
		};
/* End XCConfigurationList section */
	};
	rootObject = 263AC5B91A030FD600846CB0 /* Project object */;
}
