// !$*UTF8*$!
{
	archiveVersion = 1;
	classes = {
	};
	objectVersion = 46;
	objects = {

/* Begin PBXBuildFile section */
		263AC5C71A030FD600846CB0 /* main.m in Sources */ = {isa = PBXBuildFile; fileRef = 263AC5C61A030FD600846CB0 /* main.m */; };
		263AC5CA1A030FD600846CB0 /* AppDelegate.m in Sources */ = {isa = PBXBuildFile; fileRef = 263AC5C91A030FD600846CB0 /* AppDelegate.m */; };
		263AC5CD1A030FD600846CB0 /* HomeViewController.m in Sources */ = {isa = PBXBuildFile; fileRef = 263AC5CC1A030FD600846CB0 /* HomeViewController.m */; };
		263AC5D01A030FD700846CB0 /* Main.storyboard in Resources */ = {isa = PBXBuildFile; fileRef = 263AC5CE1A030FD700846CB0 /* Main.storyboard */; };
		263AC5D21A030FD700846CB0 /* Images.xcassets in Resources */ = {isa = PBXBuildFile; fileRef = 263AC5D11A030FD700846CB0 /* Images.xcassets */; };
		263AC5D51A030FD700846CB0 /* LaunchScreen.xib in Resources */ = {isa = PBXBuildFile; fileRef = 263AC5D31A030FD700846CB0 /* LaunchScreen.xib */; };
		263AC5E11A030FD700846CB0 /* Score_My_DiveTests.m in Sources */ = {isa = PBXBuildFile; fileRef = 263AC5E01A030FD700846CB0 /* Score_My_DiveTests.m */; };
		26DF8AF71A043DAD00C273A6 /* QuartzCore.framework in Frameworks */ = {isa = PBXBuildFile; fileRef = 26DF8AF61A043DAC00C273A6 /* QuartzCore.framework */; };
		26E419881A04501800D79C05 /* TransparentPlayStoreListing.png in Resources */ = {isa = PBXBuildFile; fileRef = 26E419871A04501800D79C05 /* TransparentPlayStoreListing.png */; };
/* End PBXBuildFile section */

/* Begin PBXContainerItemProxy section */
		263AC5DB1A030FD700846CB0 /* PBXContainerItemProxy */ = {
			isa = PBXContainerItemProxy;
			containerPortal = 263AC5B91A030FD600846CB0 /* Project object */;
			proxyType = 1;
			remoteGlobalIDString = 263AC5C01A030FD600846CB0;
			remoteInfo = "Score My Dive";
		};
/* End PBXContainerItemProxy section */

/* Begin PBXFileReference section */
		263AC5C11A030FD600846CB0 /* Score My Dive.app */ = {isa = PBXFileReference; explicitFileType = wrapper.application; includeInIndex = 0; path = "Score My Dive.app"; sourceTree = BUILT_PRODUCTS_DIR; };
		263AC5C51A030FD600846CB0 /* Info.plist */ = {isa = PBXFileReference; lastKnownFileType = text.plist.xml; path = Info.plist; sourceTree = "<group>"; };
		263AC5C61A030FD600846CB0 /* main.m */ = {isa = PBXFileReference; lastKnownFileType = sourcecode.c.objc; path = main.m; sourceTree = "<group>"; };
		263AC5C81A030FD600846CB0 /* AppDelegate.h */ = {isa = PBXFileReference; lastKnownFileType = sourcecode.c.h; path = AppDelegate.h; sourceTree = "<group>"; };
		263AC5C91A030FD600846CB0 /* AppDelegate.m */ = {isa = PBXFileReference; lastKnownFileType = sourcecode.c.objc; path = AppDelegate.m; sourceTree = "<group>"; };
		263AC5CB1A030FD600846CB0 /* HomeViewController.h */ = {isa = PBXFileReference; lastKnownFileType = sourcecode.c.h; path = HomeViewController.h; sourceTree = "<group>"; };
		263AC5CC1A030FD600846CB0 /* HomeViewController.m */ = {isa = PBXFileReference; lastKnownFileType = sourcecode.c.objc; path = HomeViewController.m; sourceTree = "<group>"; };
		263AC5CF1A030FD700846CB0 /* Base */ = {isa = PBXFileReference; lastKnownFileType = file.storyboard; name = Base; path = Base.lproj/Main.storyboard; sourceTree = "<group>"; };
		263AC5D11A030FD700846CB0 /* Images.xcassets */ = {isa = PBXFileReference; lastKnownFileType = folder.assetcatalog; path = Images.xcassets; sourceTree = "<group>"; };
		263AC5D41A030FD700846CB0 /* Base */ = {isa = PBXFileReference; lastKnownFileType = file.xib; name = Base; path = Base.lproj/LaunchScreen.xib; sourceTree = "<group>"; };
		263AC5DA1A030FD700846CB0 /* Score My DiveTests.xctest */ = {isa = PBXFileReference; explicitFileType = wrapper.cfbundle; includeInIndex = 0; path = "Score My DiveTests.xctest"; sourceTree = BUILT_PRODUCTS_DIR; };
		263AC5DF1A030FD700846CB0 /* Info.plist */ = {isa = PBXFileReference; lastKnownFileType = text.plist.xml; path = Info.plist; sourceTree = "<group>"; };
		263AC5E01A030FD700846CB0 /* Score_My_DiveTests.m */ = {isa = PBXFileReference; lastKnownFileType = sourcecode.c.objc; path = Score_My_DiveTests.m; sourceTree = "<group>"; };
		26DF8AF61A043DAC00C273A6 /* QuartzCore.framework */ = {isa = PBXFileReference; lastKnownFileType = wrapper.framework; name = QuartzCore.framework; path = System/Library/Frameworks/QuartzCore.framework; sourceTree = SDKROOT; };
		26E419871A04501800D79C05 /* TransparentPlayStoreListing.png */ = {isa = PBXFileReference; lastKnownFileType = image.png; name = TransparentPlayStoreListing.png; path = "../../../../Pictures/IOS Images/TransparentPlayStoreListing.png"; sourceTree = "<group>"; };
/* End PBXFileReference section */

/* Begin PBXFrameworksBuildPhase section */
		263AC5BE1A030FD600846CB0 /* Frameworks */ = {
			isa = PBXFrameworksBuildPhase;
			buildActionMask = 2147483647;
			files = (
				26DF8AF71A043DAD00C273A6 /* QuartzCore.framework in Frameworks */,
			);
			runOnlyForDeploymentPostprocessing = 0;
		};
		263AC5D71A030FD700846CB0 /* Frameworks */ = {
			isa = PBXFrameworksBuildPhase;
			buildActionMask = 2147483647;
			files = (
			);
			runOnlyForDeploymentPostprocessing = 0;
		};
/* End PBXFrameworksBuildPhase section */

/* Begin PBXGroup section */
		263AC5B81A030FD600846CB0 = {
			isa = PBXGroup;
			children = (
				26E419861A04500100D79C05 /* Resources */,
				26DF8AF61A043DAC00C273A6 /* QuartzCore.framework */,
				263AC5C31A030FD600846CB0 /* Score My Dive */,
				263AC5DD1A030FD700846CB0 /* Score My DiveTests */,
				263AC5C21A030FD600846CB0 /* Products */,
			);
			sourceTree = "<group>";
		};
		263AC5C21A030FD600846CB0 /* Products */ = {
			isa = PBXGroup;
			children = (
				263AC5C11A030FD600846CB0 /* Score My Dive.app */,
				263AC5DA1A030FD700846CB0 /* Score My DiveTests.xctest */,
			);
			name = Products;
			sourceTree = "<group>";
		};
		263AC5C31A030FD600846CB0 /* Score My Dive */ = {
			isa = PBXGroup;
			children = (
				263AC5C81A030FD600846CB0 /* AppDelegate.h */,
				263AC5C91A030FD600846CB0 /* AppDelegate.m */,
				263AC5CB1A030FD600846CB0 /* HomeViewController.h */,
				263AC5CC1A030FD600846CB0 /* HomeViewController.m */,
				263AC5CE1A030FD700846CB0 /* Main.storyboard */,
				263AC5D11A030FD700846CB0 /* Images.xcassets */,
				263AC5D31A030FD700846CB0 /* LaunchScreen.xib */,
				263AC5C41A030FD600846CB0 /* Supporting Files */,
			);
			path = "Score My Dive";
			sourceTree = "<group>";
		};
		263AC5C41A030FD600846CB0 /* Supporting Files */ = {
			isa = PBXGroup;
			children = (
				263AC5C51A030FD600846CB0 /* Info.plist */,
				263AC5C61A030FD600846CB0 /* main.m */,
			);
			name = "Supporting Files";
			sourceTree = "<group>";
		};
		263AC5DD1A030FD700846CB0 /* Score My DiveTests */ = {
			isa = PBXGroup;
			children = (
				263AC5E01A030FD700846CB0 /* Score_My_DiveTests.m */,
				263AC5DE1A030FD700846CB0 /* Supporting Files */,
			);
			path = "Score My DiveTests";
			sourceTree = "<group>";
		};
		263AC5DE1A030FD700846CB0 /* Supporting Files */ = {
			isa = PBXGroup;
			children = (
				263AC5DF1A030FD700846CB0 /* Info.plist */,
			);
			name = "Supporting Files";
			sourceTree = "<group>";
		};
		26E419861A04500100D79C05 /* Resources */ = {
			isa = PBXGroup;
			children = (
				26E419871A04501800D79C05 /* TransparentPlayStoreListing.png */,
			);
			name = Resources;
			sourceTree = "<group>";
		};
/* End PBXGroup section */

/* Begin PBXNativeTarget section */
		263AC5C01A030FD600846CB0 /* Score My Dive */ = {
			isa = PBXNativeTarget;
			buildConfigurationList = 263AC5E41A030FD700846CB0 /* Build configuration list for PBXNativeTarget "Score My Dive" */;
			buildPhases = (
				263AC5BD1A030FD600846CB0 /* Sources */,
				263AC5BE1A030FD600846CB0 /* Frameworks */,
				263AC5BF1A030FD600846CB0 /* Resources */,
			);
			buildRules = (
			);
			dependencies = (
			);
			name = "Score My Dive";
			productName = "Score My Dive";
			productReference = 263AC5C11A030FD600846CB0 /* Score My Dive.app */;
			productType = "com.apple.product-type.application";
		};
		263AC5D91A030FD700846CB0 /* Score My DiveTests */ = {
			isa = PBXNativeTarget;
			buildConfigurationList = 263AC5E71A030FD700846CB0 /* Build configuration list for PBXNativeTarget "Score My DiveTests" */;
			buildPhases = (
				263AC5D61A030FD700846CB0 /* Sources */,
				263AC5D71A030FD700846CB0 /* Frameworks */,
				263AC5D81A030FD700846CB0 /* Resources */,
			);
			buildRules = (
			);
			dependencies = (
				263AC5DC1A030FD700846CB0 /* PBXTargetDependency */,
			);
			name = "Score My DiveTests";
			productName = "Score My DiveTests";
			productReference = 263AC5DA1A030FD700846CB0 /* Score My DiveTests.xctest */;
			productType = "com.apple.product-type.bundle.unit-test";
		};
/* End PBXNativeTarget section */

/* Begin PBXProject section */
		263AC5B91A030FD600846CB0 /* Project object */ = {
			isa = PBXProject;
			attributes = {
				LastUpgradeCheck = 0610;
				ORGANIZATIONNAME = "SingleCog Software";
				TargetAttributes = {
					263AC5C01A030FD600846CB0 = {
						CreatedOnToolsVersion = 6.1;
					};
					263AC5D91A030FD700846CB0 = {
						CreatedOnToolsVersion = 6.1;
						TestTargetID = 263AC5C01A030FD600846CB0;
					};
				};
			};
			buildConfigurationList = 263AC5BC1A030FD600846CB0 /* Build configuration list for PBXProject "Score My Dive" */;
			compatibilityVersion = "Xcode 3.2";
			developmentRegion = English;
			hasScannedForEncodings = 0;
			knownRegions = (
				en,
				Base,
			);
			mainGroup = 263AC5B81A030FD600846CB0;
			productRefGroup = 263AC5C21A030FD600846CB0 /* Products */;
			projectDirPath = "";
			projectRoot = "";
			targets = (
				263AC5C01A030FD600846CB0 /* Score My Dive */,
				263AC5D91A030FD700846CB0 /* Score My DiveTests */,
			);
		};
/* End PBXProject section */

/* Begin PBXResourcesBuildPhase section */
		263AC5BF1A030FD600846CB0 /* Resources */ = {
			isa = PBXResourcesBuildPhase;
			buildActionMask = 2147483647;
			files = (
				263AC5D01A030FD700846CB0 /* Main.storyboard in Resources */,
				26E419881A04501800D79C05 /* TransparentPlayStoreListing.png in Resources */,
				263AC5D51A030FD700846CB0 /* LaunchScreen.xib in Resources */,
				263AC5D21A030FD700846CB0 /* Images.xcassets in Resources */,
			);
			runOnlyForDeploymentPostprocessing = 0;
		};
		263AC5D81A030FD700846CB0 /* Resources */ = {
			isa = PBXResourcesBuildPhase;
			buildActionMask = 2147483647;
			files = (
			);
			runOnlyForDeploymentPostprocessing = 0;
		};
/* End PBXResourcesBuildPhase section */

/* Begin PBXSourcesBuildPhase section */
		263AC5BD1A030FD600846CB0 /* Sources */ = {
			isa = PBXSourcesBuildPhase;
			buildActionMask = 2147483647;
			files = (
				263AC5CD1A030FD600846CB0 /* HomeViewController.m in Sources */,
				263AC5CA1A030FD600846CB0 /* AppDelegate.m in Sources */,
				263AC5C71A030FD600846CB0 /* main.m in Sources */,
			);
			runOnlyForDeploymentPostprocessing = 0;
		};
		263AC5D61A030FD700846CB0 /* Sources */ = {
			isa = PBXSourcesBuildPhase;
			buildActionMask = 2147483647;
			files = (
				263AC5E11A030FD700846CB0 /* Score_My_DiveTests.m in Sources */,
			);
			runOnlyForDeploymentPostprocessing = 0;
		};
/* End PBXSourcesBuildPhase section */

/* Begin PBXTargetDependency section */
		263AC5DC1A030FD700846CB0 /* PBXTargetDependency */ = {
			isa = PBXTargetDependency;
			target = 263AC5C01A030FD600846CB0 /* Score My Dive */;
			targetProxy = 263AC5DB1A030FD700846CB0 /* PBXContainerItemProxy */;
		};
/* End PBXTargetDependency section */

/* Begin PBXVariantGroup section */
		263AC5CE1A030FD700846CB0 /* Main.storyboard */ = {
			isa = PBXVariantGroup;
			children = (
				263AC5CF1A030FD700846CB0 /* Base */,
			);
			name = Main.storyboard;
			sourceTree = "<group>";
		};
		263AC5D31A030FD700846CB0 /* LaunchScreen.xib */ = {
			isa = PBXVariantGroup;
			children = (
				263AC5D41A030FD700846CB0 /* Base */,
			);
			name = LaunchScreen.xib;
			sourceTree = "<group>";
		};
/* End PBXVariantGroup section */

/* Begin XCBuildConfiguration section */
		263AC5E21A030FD700846CB0 /* Debug */ = {
			isa = XCBuildConfiguration;
			buildSettings = {
				ALWAYS_SEARCH_USER_PATHS = NO;
				CLANG_CXX_LANGUAGE_STANDARD = "gnu++0x";
				CLANG_CXX_LIBRARY = "libc++";
				CLANG_ENABLE_MODULES = YES;
				CLANG_ENABLE_OBJC_ARC = YES;
				CLANG_WARN_BOOL_CONVERSION = YES;
				CLANG_WARN_CONSTANT_CONVERSION = YES;
				CLANG_WARN_DIRECT_OBJC_ISA_USAGE = YES_ERROR;
				CLANG_WARN_EMPTY_BODY = YES;
				CLANG_WARN_ENUM_CONVERSION = YES;
				CLANG_WARN_INT_CONVERSION = YES;
				CLANG_WARN_OBJC_ROOT_CLASS = YES_ERROR;
				CLANG_WARN_UNREACHABLE_CODE = YES;
				CLANG_WARN__DUPLICATE_METHOD_MATCH = YES;
				"CODE_SIGN_IDENTITY[sdk=iphoneos*]" = "iPhone Developer";
				COPY_PHASE_STRIP = NO;
				ENABLE_STRICT_OBJC_MSGSEND = YES;
				GCC_C_LANGUAGE_STANDARD = gnu99;
				GCC_DYNAMIC_NO_PIC = NO;
				GCC_OPTIMIZATION_LEVEL = 0;
				GCC_PREPROCESSOR_DEFINITIONS = (
					"DEBUG=1",
					"$(inherited)",
				);
				GCC_SYMBOLS_PRIVATE_EXTERN = NO;
				GCC_WARN_64_TO_32_BIT_CONVERSION = YES;
				GCC_WARN_ABOUT_RETURN_TYPE = YES_ERROR;
				GCC_WARN_UNDECLARED_SELECTOR = YES;
				GCC_WARN_UNINITIALIZED_AUTOS = YES_AGGRESSIVE;
				GCC_WARN_UNUSED_FUNCTION = YES;
				GCC_WARN_UNUSED_VARIABLE = YES;
				IPHONEOS_DEPLOYMENT_TARGET = 8.1;
				MTL_ENABLE_DEBUG_INFO = YES;
				ONLY_ACTIVE_ARCH = YES;
				SDKROOT = iphoneos;
				TARGETED_DEVICE_FAMILY = "1,2";
			};
			name = Debug;
		};
		263AC5E31A030FD700846CB0 /* Release */ = {
			isa = XCBuildConfiguration;
			buildSettings = {
				ALWAYS_SEARCH_USER_PATHS = NO;
				CLANG_CXX_LANGUAGE_STANDARD = "gnu++0x";
				CLANG_CXX_LIBRARY = "libc++";
				CLANG_ENABLE_MODULES = YES;
				CLANG_ENABLE_OBJC_ARC = YES;
				CLANG_WARN_BOOL_CONVERSION = YES;
				CLANG_WARN_CONSTANT_CONVERSION = YES;
				CLANG_WARN_DIRECT_OBJC_ISA_USAGE = YES_ERROR;
				CLANG_WARN_EMPTY_BODY = YES;
				CLANG_WARN_ENUM_CONVERSION = YES;
				CLANG_WARN_INT_CONVERSION = YES;
				CLANG_WARN_OBJC_ROOT_CLASS = YES_ERROR;
				CLANG_WARN_UNREACHABLE_CODE = YES;
				CLANG_WARN__DUPLICATE_METHOD_MATCH = YES;
				"CODE_SIGN_IDENTITY[sdk=iphoneos*]" = "iPhone Developer";
				COPY_PHASE_STRIP = YES;
				ENABLE_NS_ASSERTIONS = NO;
				ENABLE_STRICT_OBJC_MSGSEND = YES;
				GCC_C_LANGUAGE_STANDARD = gnu99;
				GCC_WARN_64_TO_32_BIT_CONVERSION = YES;
				GCC_WARN_ABOUT_RETURN_TYPE = YES_ERROR;
				GCC_WARN_UNDECLARED_SELECTOR = YES;
				GCC_WARN_UNINITIALIZED_AUTOS = YES_AGGRESSIVE;
				GCC_WARN_UNUSED_FUNCTION = YES;
				GCC_WARN_UNUSED_VARIABLE = YES;
				IPHONEOS_DEPLOYMENT_TARGET = 8.1;
				MTL_ENABLE_DEBUG_INFO = NO;
				SDKROOT = iphoneos;
				TARGETED_DEVICE_FAMILY = "1,2";
				VALIDATE_PRODUCT = YES;
			};
			name = Release;
		};
		263AC5E51A030FD700846CB0 /* Debug */ = {
			isa = XCBuildConfiguration;
			buildSettings = {
				ASSETCATALOG_COMPILER_APPICON_NAME = AppIcon;
				INFOPLIST_FILE = "Score My Dive/Info.plist";
				LD_RUNPATH_SEARCH_PATHS = "$(inherited) @executable_path/Frameworks";
				PRODUCT_NAME = "$(TARGET_NAME)";
			};
			name = Debug;
		};
		263AC5E61A030FD700846CB0 /* Release */ = {
			isa = XCBuildConfiguration;
			buildSettings = {
				ASSETCATALOG_COMPILER_APPICON_NAME = AppIcon;
				INFOPLIST_FILE = "Score My Dive/Info.plist";
				LD_RUNPATH_SEARCH_PATHS = "$(inherited) @executable_path/Frameworks";
				PRODUCT_NAME = "$(TARGET_NAME)";
			};
			name = Release;
		};
		263AC5E81A030FD700846CB0 /* Debug */ = {
			isa = XCBuildConfiguration;
			buildSettings = {
				BUNDLE_LOADER = "$(TEST_HOST)";
				FRAMEWORK_SEARCH_PATHS = (
					"$(SDKROOT)/Developer/Library/Frameworks",
					"$(inherited)",
				);
				GCC_PREPROCESSOR_DEFINITIONS = (
					"DEBUG=1",
					"$(inherited)",
				);
				INFOPLIST_FILE = "Score My DiveTests/Info.plist";
				LD_RUNPATH_SEARCH_PATHS = "$(inherited) @executable_path/Frameworks @loader_path/Frameworks";
				PRODUCT_NAME = "$(TARGET_NAME)";
				TEST_HOST = "$(BUILT_PRODUCTS_DIR)/Score My Dive.app/Score My Dive";
			};
			name = Debug;
		};
		263AC5E91A030FD700846CB0 /* Release */ = {
			isa = XCBuildConfiguration;
			buildSettings = {
				BUNDLE_LOADER = "$(TEST_HOST)";
				FRAMEWORK_SEARCH_PATHS = (
					"$(SDKROOT)/Developer/Library/Frameworks",
					"$(inherited)",
				);
				INFOPLIST_FILE = "Score My DiveTests/Info.plist";
				LD_RUNPATH_SEARCH_PATHS = "$(inherited) @executable_path/Frameworks @loader_path/Frameworks";
				PRODUCT_NAME = "$(TARGET_NAME)";
				TEST_HOST = "$(BUILT_PRODUCTS_DIR)/Score My Dive.app/Score My Dive";
			};
			name = Release;
		};
/* End XCBuildConfiguration section */

/* Begin XCConfigurationList section */
		263AC5BC1A030FD600846CB0 /* Build configuration list for PBXProject "Score My Dive" */ = {
			isa = XCConfigurationList;
			buildConfigurations = (
				263AC5E21A030FD700846CB0 /* Debug */,
				263AC5E31A030FD700846CB0 /* Release */,
			);
			defaultConfigurationIsVisible = 0;
			defaultConfigurationName = Release;
		};
		263AC5E41A030FD700846CB0 /* Build configuration list for PBXNativeTarget "Score My Dive" */ = {
			isa = XCConfigurationList;
			buildConfigurations = (
				263AC5E51A030FD700846CB0 /* Debug */,
				263AC5E61A030FD700846CB0 /* Release */,
			);
			defaultConfigurationIsVisible = 0;
			defaultConfigurationName = Release;
		};
		263AC5E71A030FD700846CB0 /* Build configuration list for PBXNativeTarget "Score My DiveTests" */ = {
			isa = XCConfigurationList;
			buildConfigurations = (
				263AC5E81A030FD700846CB0 /* Debug */,
				263AC5E91A030FD700846CB0 /* Release */,
			);
			defaultConfigurationIsVisible = 0;
			defaultConfigurationName = Release;
		};
/* End XCConfigurationList section */
	};
	rootObject = 263AC5B91A030FD600846CB0 /* Project object */;
}
